
Microsoft Visual Studio Solution File, Format Version 12.00
# Visual Studio 15
VisualStudioVersion = 15.0.28307.329
MinimumVisualStudioVersion = 10.0.40219.1
Project("{F184B08F-C81C-45F6-A57F-5ABD9991F28F}") = "Lab 2 Variables Part 2", "Lab 2 Variables Part 2\Lab 2 Variables Part 2.vbproj", "{50D1ABB6-7E2C-45FD-B596-DC455826B691}"
EndProject
Global
	GlobalSection(SolutionConfigurationPlatforms) = preSolution
		Debug|Any CPU = Debug|Any CPU
		Release|Any CPU = Release|Any CPU
	EndGlobalSection
	GlobalSection(ProjectConfigurationPlatforms) = postSolution
		{50D1ABB6-7E2C-45FD-B596-DC455826B691}.Debug|Any CPU.ActiveCfg = Debug|Any CPU
		{50D1ABB6-7E2C-45FD-B596-DC455826B691}.Debug|Any CPU.Build.0 = Debug|Any CPU
		{50D1ABB6-7E2C-45FD-B596-DC455826B691}.Release|Any CPU.ActiveCfg = Release|Any CPU
		{50D1ABB6-7E2C-45FD-B596-DC455826B691}.Release|Any CPU.Build.0 = Release|Any CPU
	EndGlobalSection
	GlobalSection(SolutionProperties) = preSolution
		HideSolutionNode = FALSE
	EndGlobalSection
	GlobalSection(ExtensibilityGlobals) = postSolution
		SolutionGuid = {6A549055-511E-484B-87F9-4C9DDCF030DF}
	EndGlobalSection
EndGlobal
