
Microsoft Visual Studio Solution File, Format Version 12.00
# Visual Studio 15
VisualStudioVersion = 15.0.28307.329
MinimumVisualStudioVersion = 10.0.40219.1
Project("{F184B08F-C81C-45F6-A57F-5ABD9991F28F}") = "Lab 3 CS and Loops Part 2", "Lab 3 CS and Loops Part 2\Lab 3 CS and Loops Part 2.vbproj", "{9CEFB784-9C14-4E69-988E-43895F1F57EE}"
EndProject
Global
	GlobalSection(SolutionConfigurationPlatforms) = preSolution
		Debug|Any CPU = Debug|Any CPU
		Release|Any CPU = Release|Any CPU
	EndGlobalSection
	GlobalSection(ProjectConfigurationPlatforms) = postSolution
		{9CEFB784-9C14-4E69-988E-43895F1F57EE}.Debug|Any CPU.ActiveCfg = Debug|Any CPU
		{9CEFB784-9C14-4E69-988E-43895F1F57EE}.Debug|Any CPU.Build.0 = Debug|Any CPU
		{9CEFB784-9C14-4E69-988E-43895F1F57EE}.Release|Any CPU.ActiveCfg = Release|Any CPU
		{9CEFB784-9C14-4E69-988E-43895F1F57EE}.Release|Any CPU.Build.0 = Release|Any CPU
	EndGlobalSection
	GlobalSection(SolutionProperties) = preSolution
		HideSolutionNode = FALSE
	EndGlobalSection
	GlobalSection(ExtensibilityGlobals) = postSolution
		SolutionGuid = {14663848-4456-49BE-84F2-DD377B98C4D8}
	EndGlobalSection
EndGlobal
