
Microsoft Visual Studio Solution File, Format Version 12.00
# Visual Studio Version 16
VisualStudioVersion = 16.0.31624.102
MinimumVisualStudioVersion = 10.0.40219.1
Project("{FAE04EC0-301F-11D3-BF4B-00C04F79EFBC}") = "Variables", "Variables.csproj", "{AC9D96FA-A4C3-42FD-A8A3-5AFF830E0F99}"
EndProject
Global
	GlobalSection(SolutionConfigurationPlatforms) = preSolution
		Debug|Any CPU = Debug|Any CPU
		Release|Any CPU = Release|Any CPU
	EndGlobalSection
	GlobalSection(ProjectConfigurationPlatforms) = postSolution
		{AC9D96FA-A4C3-42FD-A8A3-5AFF830E0F99}.Debug|Any CPU.ActiveCfg = Debug|Any CPU
		{AC9D96FA-A4C3-42FD-A8A3-5AFF830E0F99}.Debug|Any CPU.Build.0 = Debug|Any CPU
		{AC9D96FA-A4C3-42FD-A8A3-5AFF830E0F99}.Release|Any CPU.ActiveCfg = Release|Any CPU
		{AC9D96FA-A4C3-42FD-A8A3-5AFF830E0F99}.Release|Any CPU.Build.0 = Release|Any CPU
	EndGlobalSection
	GlobalSection(SolutionProperties) = preSolution
		HideSolutionNode = FALSE
	EndGlobalSection
	GlobalSection(ExtensibilityGlobals) = postSolution
		SolutionGuid = {A8D587D5-A29B-4498-B18C-E62728B0856D}
	EndGlobalSection
EndGlobal
