
Microsoft Visual Studio Solution File, Format Version 12.00
# Visual Studio Version 16
VisualStudioVersion = 16.0.31624.102
MinimumVisualStudioVersion = 10.0.40219.1
Project("{FAE04EC0-301F-11D3-BF4B-00C04F79EFBC}") = "HelloWorld", "HelloWorld\HelloWorld.csproj", "{EEEE5275-5951-4FF9-98CC-B78DBBC1490A}"
EndProject
Global
	GlobalSection(SolutionConfigurationPlatforms) = preSolution
		Debug|Any CPU = Debug|Any CPU
		Release|Any CPU = Release|Any CPU
	EndGlobalSection
	GlobalSection(ProjectConfigurationPlatforms) = postSolution
		{EEEE5275-5951-4FF9-98CC-B78DBBC1490A}.Debug|Any CPU.ActiveCfg = Debug|Any CPU
		{EEEE5275-5951-4FF9-98CC-B78DBBC1490A}.Debug|Any CPU.Build.0 = Debug|Any CPU
		{EEEE5275-5951-4FF9-98CC-B78DBBC1490A}.Release|Any CPU.ActiveCfg = Release|Any CPU
		{EEEE5275-5951-4FF9-98CC-B78DBBC1490A}.Release|Any CPU.Build.0 = Release|Any CPU
	EndGlobalSection
	GlobalSection(SolutionProperties) = preSolution
		HideSolutionNode = FALSE
	EndGlobalSection
	GlobalSection(ExtensibilityGlobals) = postSolution
		SolutionGuid = {51B6F3BB-819E-4B17-B210-B85392F56A21}
	EndGlobalSection
EndGlobal
