
Microsoft Visual Studio Solution File, Format Version 12.00
# Visual Studio 15
VisualStudioVersion = 15.0.28307.329
MinimumVisualStudioVersion = 10.0.40219.1
Project("{F184B08F-C81C-45F6-A57F-5ABD9991F28F}") = "Lab 4 Functions Part 3", "Lab 4 Functions Part 3\Lab 4 Functions Part 3.vbproj", "{29AD65D3-D300-4697-AFFD-7D67DF6FC176}"
EndProject
Global
	GlobalSection(SolutionConfigurationPlatforms) = preSolution
		Debug|Any CPU = Debug|Any CPU
		Release|Any CPU = Release|Any CPU
	EndGlobalSection
	GlobalSection(ProjectConfigurationPlatforms) = postSolution
		{29AD65D3-D300-4697-AFFD-7D67DF6FC176}.Debug|Any CPU.ActiveCfg = Debug|Any CPU
		{29AD65D3-D300-4697-AFFD-7D67DF6FC176}.Debug|Any CPU.Build.0 = Debug|Any CPU
		{29AD65D3-D300-4697-AFFD-7D67DF6FC176}.Release|Any CPU.ActiveCfg = Release|Any CPU
		{29AD65D3-D300-4697-AFFD-7D67DF6FC176}.Release|Any CPU.Build.0 = Release|Any CPU
	EndGlobalSection
	GlobalSection(SolutionProperties) = preSolution
		HideSolutionNode = FALSE
	EndGlobalSection
	GlobalSection(ExtensibilityGlobals) = postSolution
		SolutionGuid = {6814145C-4A82-48D1-9102-42A86391952B}
	EndGlobalSection
EndGlobal
