
Microsoft Visual Studio Solution File, Format Version 12.00
# Visual Studio Version 16
VisualStudioVersion = 16.0.31624.102
MinimumVisualStudioVersion = 10.0.40219.1
Project("{FAE04EC0-301F-11D3-BF4B-00C04F79EFBC}") = "Decisions", "Decisions.csproj", "{89465161-871E-4E82-A854-A4D2261E2807}"
EndProject
Global
	GlobalSection(SolutionConfigurationPlatforms) = preSolution
		Debug|Any CPU = Debug|Any CPU
		Release|Any CPU = Release|Any CPU
	EndGlobalSection
	GlobalSection(ProjectConfigurationPlatforms) = postSolution
		{89465161-871E-4E82-A854-A4D2261E2807}.Debug|Any CPU.ActiveCfg = Debug|Any CPU
		{89465161-871E-4E82-A854-A4D2261E2807}.Debug|Any CPU.Build.0 = Debug|Any CPU
		{89465161-871E-4E82-A854-A4D2261E2807}.Release|Any CPU.ActiveCfg = Release|Any CPU
		{89465161-871E-4E82-A854-A4D2261E2807}.Release|Any CPU.Build.0 = Release|Any CPU
	EndGlobalSection
	GlobalSection(SolutionProperties) = preSolution
		HideSolutionNode = FALSE
	EndGlobalSection
	GlobalSection(ExtensibilityGlobals) = postSolution
		SolutionGuid = {BF595B7E-75C1-4AD5-905F-AFC6455A53BD}
	EndGlobalSection
EndGlobal
